// !$*UTF8*$!
{
	archiveVersion = 1;
	classes = {
	};
	objectVersion = 46;
	objects = {

/* Begin PBXBuildFile section */
		896AF0061D1B0A55001CA146 /* AppDelegate.swift in Sources */ = {isa = PBXBuildFile; fileRef = 896AF0051D1B0A55001CA146 /* AppDelegate.swift */; };
		896AF0081D1B0A55001CA146 /* ViewController.swift in Sources */ = {isa = PBXBuildFile; fileRef = 896AF0071D1B0A55001CA146 /* ViewController.swift */; };
		896AF00B1D1B0A55001CA146 /* Main.storyboard in Resources */ = {isa = PBXBuildFile; fileRef = 896AF0091D1B0A55001CA146 /* Main.storyboard */; };
		896AF00D1D1B0A55001CA146 /* Assets.xcassets in Resources */ = {isa = PBXBuildFile; fileRef = 896AF00C1D1B0A55001CA146 /* Assets.xcassets */; };
		896AF0101D1B0A55001CA146 /* LaunchScreen.storyboard in Resources */ = {isa = PBXBuildFile; fileRef = 896AF00E1D1B0A55001CA146 /* LaunchScreen.storyboard */; };
/* End PBXBuildFile section */

/* Begin PBXFileReference section */
		896AF0021D1B0A55001CA146 /* PhysicalFBLogin.app */ = {isa = PBXFileReference; explicitFileType = wrapper.application; includeInIndex = 0; path = PhysicalFBLogin.app; sourceTree = BUILT_PRODUCTS_DIR; };
		896AF0051D1B0A55001CA146 /* AppDelegate.swift */ = {isa = PBXFileReference; lastKnownFileType = sourcecode.swift; path = AppDelegate.swift; sourceTree = "<group>"; };
		896AF0071D1B0A55001CA146 /* ViewController.swift */ = {isa = PBXFileReference; lastKnownFileType = sourcecode.swift; path = ViewController.swift; sourceTree = "<group>"; };
		896AF00A1D1B0A55001CA146 /* Base */ = {isa = PBXFileReference; lastKnownFileType = file.storyboard; name = Base; path = Base.lproj/Main.storyboard; sourceTree = "<group>"; };
		896AF00C1D1B0A55001CA146 /* Assets.xcassets */ = {isa = PBXFileReference; lastKnownFileType = folder.assetcatalog; path = Assets.xcassets; sourceTree = "<group>"; };
		896AF00F1D1B0A55001CA146 /* Base */ = {isa = PBXFileReference; lastKnownFileType = file.storyboard; name = Base; path = Base.lproj/LaunchScreen.storyboard; sourceTree = "<group>"; };
		896AF0111D1B0A55001CA146 /* Info.plist */ = {isa = PBXFileReference; lastKnownFileType = text.plist.xml; path = Info.plist; sourceTree = "<group>"; };
/* End PBXFileReference section */

/* Begin PBXFrameworksBuildPhase section */
		896AEFFF1D1B0A54001CA146 /* Frameworks */ = {
			isa = PBXFrameworksBuildPhase;
			buildActionMask = 2147483647;
			files = (
			);
			runOnlyForDeploymentPostprocessing = 0;
		};
/* End PBXFrameworksBuildPhase section */

/* Begin PBXGroup section */
		896AEFF91D1B0A54001CA146 = {
			isa = PBXGroup;
			children = (
				896AF0041D1B0A55001CA146 /* PhysicalFBLogin */,
				896AF0031D1B0A55001CA146 /* Products */,
			);
			sourceTree = "<group>";
		};
		896AF0031D1B0A55001CA146 /* Products */ = {
			isa = PBXGroup;
			children = (
				896AF0021D1B0A55001CA146 /* PhysicalFBLogin.app */,
			);
			name = Products;
			sourceTree = "<group>";
		};
		896AF0041D1B0A55001CA146 /* PhysicalFBLogin */ = {
			isa = PBXGroup;
			children = (
				896AF0051D1B0A55001CA146 /* AppDelegate.swift */,
				896AF0071D1B0A55001CA146 /* ViewController.swift */,
				896AF0091D1B0A55001CA146 /* Main.storyboard */,
				896AF00C1D1B0A55001CA146 /* Assets.xcassets */,
				896AF00E1D1B0A55001CA146 /* LaunchScreen.storyboard */,
				896AF0111D1B0A55001CA146 /* Info.plist */,
			);
			path = PhysicalFBLogin;
			sourceTree = "<group>";
		};
/* End PBXGroup section */

/* Begin PBXNativeTarget section */
		896AF0011D1B0A54001CA146 /* PhysicalFBLogin */ = {
			isa = PBXNativeTarget;
			buildConfigurationList = 896AF0141D1B0A55001CA146 /* Build configuration list for PBXNativeTarget "PhysicalFBLogin" */;
			buildPhases = (
				896AEFFE1D1B0A54001CA146 /* Sources */,
				896AEFFF1D1B0A54001CA146 /* Frameworks */,
				896AF0001D1B0A54001CA146 /* Resources */,
			);
			buildRules = (
			);
			dependencies = (
			);
			name = PhysicalFBLogin;
			productName = PhysicalFBLogin;
			productReference = 896AF0021D1B0A55001CA146 /* PhysicalFBLogin.app */;
			productType = "com.apple.product-type.application";
		};
/* End PBXNativeTarget section */

/* Begin PBXProject section */
		896AEFFA1D1B0A54001CA146 /* Project object */ = {
			isa = PBXProject;
			attributes = {
				LastSwiftUpdateCheck = 0730;
				LastUpgradeCheck = 0730;
				ORGANIZATIONNAME = Pat;
				TargetAttributes = {
					896AF0011D1B0A54001CA146 = {
						CreatedOnToolsVersion = 7.3.1;
					};
				};
			};
			buildConfigurationList = 896AEFFD1D1B0A54001CA146 /* Build configuration list for PBXProject "PhysicalFBLogin" */;
			compatibilityVersion = "Xcode 3.2";
			developmentRegion = English;
			hasScannedForEncodings = 0;
			knownRegions = (
				en,
				Base,
			);
			mainGroup = 896AEFF91D1B0A54001CA146;
			productRefGroup = 896AF0031D1B0A55001CA146 /* Products */;
			projectDirPath = "";
			projectRoot = "";
			targets = (
				896AF0011D1B0A54001CA146 /* PhysicalFBLogin */,
			);
		};
/* End PBXProject section */

/* Begin PBXResourcesBuildPhase section */
		896AF0001D1B0A54001CA146 /* Resources */ = {
			isa = PBXResourcesBuildPhase;
			buildActionMask = 2147483647;
			files = (
				896AF0101D1B0A55001CA146 /* LaunchScreen.storyboard in Resources */,
				896AF00D1D1B0A55001CA146 /* Assets.xcassets in Resources */,
				896AF00B1D1B0A55001CA146 /* Main.storyboard in Resources */,
			);
			runOnlyForDeploymentPostprocessing = 0;
		};
/* End PBXResourcesBuildPhase section */

/* Begin PBXSourcesBuildPhase section */
		896AEFFE1D1B0A54001CA146 /* Sources */ = {
			isa = PBXSourcesBuildPhase;
			buildActionMask = 2147483647;
			files = (
				896AF0081D1B0A55001CA146 /* ViewController.swift in Sources */,
				896AF0061D1B0A55001CA146 /* AppDelegate.swift in Sources */,
			);
			runOnlyForDeploymentPostprocessing = 0;
		};
/* End PBXSourcesBuildPhase section */

/* Begin PBXVariantGroup section */
		896AF0091D1B0A55001CA146 /* Main.storyboard */ = {
			isa = PBXVariantGroup;
			children = (
				896AF00A1D1B0A55001CA146 /* Base */,
			);
			name = Main.storyboard;
			sourceTree = "<group>";
		};
		896AF00E1D1B0A55001CA146 /* LaunchScreen.storyboard */ = {
			isa = PBXVariantGroup;
			children = (
				896AF00F1D1B0A55001CA146 /* Base */,
			);
			name = LaunchScreen.storyboard;
			sourceTree = "<group>";
		};
/* End PBXVariantGroup section */

/* Begin XCBuildConfiguration section */
		896AF0121D1B0A55001CA146 /* Debug */ = {
			isa = XCBuildConfiguration;
			buildSettings = {
				ALWAYS_SEARCH_USER_PATHS = NO;
				CLANG_ANALYZER_NONNULL = YES;
				CLANG_CXX_LANGUAGE_STANDARD = "gnu++0x";
				CLANG_CXX_LIBRARY = "libc++";
				CLANG_ENABLE_MODULES = YES;
				CLANG_ENABLE_OBJC_ARC = YES;
				CLANG_WARN_BOOL_CONVERSION = YES;
				CLANG_WARN_CONSTANT_CONVERSION = YES;
				CLANG_WARN_DIRECT_OBJC_ISA_USAGE = YES_ERROR;
				CLANG_WARN_EMPTY_BODY = YES;
				CLANG_WARN_ENUM_CONVERSION = YES;
				CLANG_WARN_INT_CONVERSION = YES;
				CLANG_WARN_OBJC_ROOT_CLASS = YES_ERROR;
				CLANG_WARN_UNREACHABLE_CODE = YES;
				CLANG_WARN__DUPLICATE_METHOD_MATCH = YES;
				"CODE_SIGN_IDENTITY[sdk=iphoneos*]" = "iPhone Developer";
				COPY_PHASE_STRIP = NO;
				DEBUG_INFORMATION_FORMAT = dwarf;
				ENABLE_STRICT_OBJC_MSGSEND = YES;
				ENABLE_TESTABILITY = YES;
				GCC_C_LANGUAGE_STANDARD = gnu99;
				GCC_DYNAMIC_NO_PIC = NO;
				GCC_NO_COMMON_BLOCKS = YES;
				GCC_OPTIMIZATION_LEVEL = 0;
				GCC_PREPROCESSOR_DEFINITIONS = (
					"DEBUG=1",
					"$(inherited)",
				);
				GCC_WARN_64_TO_32_BIT_CONVERSION = YES;
				GCC_WARN_ABOUT_RETURN_TYPE = YES_ERROR;
				GCC_WARN_UNDECLARED_SELECTOR = YES;
				GCC_WARN_UNINITIALIZED_AUTOS = YES_AGGRESSIVE;
				GCC_WARN_UNUSED_FUNCTION = YES;
				GCC_WARN_UNUSED_VARIABLE = YES;
				IPHONEOS_DEPLOYMENT_TARGET = 9.3;
				MTL_ENABLE_DEBUG_INFO = YES;
				ONLY_ACTIVE_ARCH = YES;
				SDKROOT = iphoneos;
				SWIFT_OPTIMIZATION_LEVEL = "-Onone";
			};
			name = Debug;
		};
		896AF0131D1B0A55001CA146 /* Release */ = {
			isa = XCBuildConfiguration;
			buildSettings = {
				ALWAYS_SEARCH_USER_PATHS = NO;
				CLANG_ANALYZER_NONNULL = YES;
				CLANG_CXX_LANGUAGE_STANDARD = "gnu++0x";
				CLANG_CXX_LIBRARY = "libc++";
				CLANG_ENABLE_MODULES = YES;
				CLANG_ENABLE_OBJC_ARC = YES;
				CLANG_WARN_BOOL_CONVERSION = YES;
				CLANG_WARN_CONSTANT_CONVERSION = YES;
				CLANG_WARN_DIRECT_OBJC_ISA_USAGE = YES_ERROR;
				CLANG_WARN_EMPTY_BODY = YES;
				CLANG_WARN_ENUM_CONVERSION = YES;
				CLANG_WARN_INT_CONVERSION = YES;
				CLANG_WARN_OBJC_ROOT_CLASS = YES_ERROR;
				CLANG_WARN_UNREACHABLE_CODE = YES;
				CLANG_WARN__DUPLICATE_METHOD_MATCH = YES;
				"CODE_SIGN_IDENTITY[sdk=iphoneos*]" = "iPhone Developer";
				COPY_PHASE_STRIP = NO;
				DEBUG_INFORMATION_FORMAT = "dwarf-with-dsym";
				ENABLE_NS_ASSERTIONS = NO;
				ENABLE_STRICT_OBJC_MSGSEND = YES;
				GCC_C_LANGUAGE_STANDARD = gnu99;
				GCC_NO_COMMON_BLOCKS = YES;
				GCC_WARN_64_TO_32_BIT_CONVERSION = YES;
				GCC_WARN_ABOUT_RETURN_TYPE = YES_ERROR;
				GCC_WARN_UNDECLARED_SELECTOR = YES;
				GCC_WARN_UNINITIALIZED_AUTOS = YES_AGGRESSIVE;
				GCC_WARN_UNUSED_FUNCTION = YES;
				GCC_WARN_UNUSED_VARIABLE = YES;
				IPHONEOS_DEPLOYMENT_TARGET = 9.3;
				MTL_ENABLE_DEBUG_INFO = NO;
				SDKROOT = iphoneos;
				VALIDATE_PRODUCT = YES;
			};
			name = Release;
		};
		896AF0151D1B0A55001CA146 /* Debug */ = {
			isa = XCBuildConfiguration;
			buildSettings = {
				ASSETCATALOG_COMPILER_APPICON_NAME = AppIcon;
				INFOPLIST_FILE = PhysicalFBLogin/Info.plist;
				LD_RUNPATH_SEARCH_PATHS = "$(inherited) @executable_path/Frameworks";
				PRODUCT_BUNDLE_IDENTIFIER = PX.PhysicalFBLogin;
				PRODUCT_NAME = "$(TARGET_NAME)";
			};
			name = Debug;
		};
		896AF0161D1B0A55001CA146 /* Release */ = {
			isa = XCBuildConfiguration;
			buildSettings = {
				ASSETCATALOG_COMPILER_APPICON_NAME = AppIcon;
				INFOPLIST_FILE = PhysicalFBLogin/Info.plist;
				LD_RUNPATH_SEARCH_PATHS = "$(inherited) @executable_path/Frameworks";
				PRODUCT_BUNDLE_IDENTIFIER = PX.PhysicalFBLogin;
				PRODUCT_NAME = "$(TARGET_NAME)";
			};
			name = Release;
		};
/* End XCBuildConfiguration section */

/* Begin XCConfigurationList section */
		896AEFFD1D1B0A54001CA146 /* Build configuration list for PBXProject "PhysicalFBLogin" */ = {
			isa = XCConfigurationList;
			buildConfigurations = (
				896AF0121D1B0A55001CA146 /* Debug */,
				896AF0131D1B0A55001CA146 /* Release */,
			);
			defaultConfigurationIsVisible = 0;
			defaultConfigurationName = Release;
		};
		896AF0141D1B0A55001CA146 /* Build configuration list for PBXNativeTarget "PhysicalFBLogin" */ = {
			isa = XCConfigurationList;
			buildConfigurations = (
				896AF0151D1B0A55001CA146 /* Debug */,
				896AF0161D1B0A55001CA146 /* Release */,
			);
			defaultConfigurationIsVisible = 0;
		};
/* End XCConfigurationList section */
	};
	rootObject = 896AEFFA1D1B0A54001CA146 /* Project object */;
}
